[[package]]
name = "aiofiles"
version = "23.2.1"
description = "File support for asyncio."
category = "main"
optional = false
python-versions = ">=3.7"

[[package]]
name = "aiogram"
version = "3.5.0"
description = "Modern and fully asynchronous framework for Telegram Bot API"
category = "main"
optional = false
python-versions = ">=3.8"

[package.dependencies]
aiofiles = ">=23.2.1,<23.3.0"
aiohttp = ">=3.9.0,<3.10.0"
certifi = ">=2023.7.22"
magic-filter = ">=1.0.12,<1.1"
pydantic = ">=2.4.1,<2.8"
typing-extensions = ">=4.7.0,<=5.0"

[package.extras]
cli = ["aiogram-cli (>=1.0.3,<1.1.0)"]
dev = ["black (>=23.10.0,<23.11.0)", "isort (>=5.12.0,<5.13.0)", "mypy (>=1.6.1,<1.7.0)", "packaging (>=23.1,<24.0)", "pre-commit (>=3.5.0,<3.6.0)", "ruff (>=0.1.1,<0.2.0)", "toml (>=0.10.2,<0.11.0)"]
docs = ["furo (>=2023.9.10,<2023.10.0)", "markdown-include (>=0.8.1,<0.9.0)", "pygments (>=2.16.1,<2.17.0)", "pymdown-extensions (>=10.3,<11.0)", "sphinx-autobuild (>=2021.3.14,<2021.4.0)", "sphinx-copybutton (>=0.5.2,<0.6.0)", "sphinx-intl (>=2.1.0,<2.2.0)", "sphinx-substitution-extensions (>=2022.2.16,<2022.3.0)", "sphinxcontrib-towncrier (>=0.3.2a0,<0.4.0)", "sphinx (>=7.2.6,<7.3.0)", "towncrier (>=23.6.0,<23.7.0)"]
fast = ["aiodns (>=3.0.0)", "uvloop (>=0.17.0)"]
i18n = ["babel (>=2.13.0,<2.14.0)"]
proxy = ["aiohttp-socks (>=0.8.3,<0.9.0)"]
redis = ["redis[hiredis] (>=5.0.1,<5.1.0)"]
test = ["aresponses (>=2.1.6,<2.2.0)", "pycryptodomex (>=3.19.0,<3.20.0)", "pytest-aiohttp (>=1.0.5,<1.1.0)", "pytest-asyncio (>=0.21.1,<0.22.0)", "pytest-cov (>=4.1.0,<4.2.0)", "pytest-html (>=4.0.2,<4.1.0)", "pytest-lazy-fixture (>=0.6.3,<0.7.0)", "pytest-mock (>=3.12.0,<3.13.0)", "pytest-mypy (>=0.10.3,<0.11.0)", "pytest (>=7.4.2,<7.5.0)", "pytz (>=2023.3,<2024.0)"]

[[package]]
name = "aiohttp"
version = "3.9.5"
description = "Async http client/server framework (asyncio)"
category = "main"
optional = false
python-versions = ">=3.8"

[package.dependencies]
aiosignal = ">=1.1.2"
async-timeout = {version = ">=4.0,<5.0", markers = "python_version < \"3.11\""}
attrs = ">=17.3.0"
frozenlist = ">=1.1.1"
multidict = ">=4.5,<7.0"
yarl = ">=1.0,<2.0"

[package.extras]
speedups = ["brotlicffi", "brotli", "aiodns"]

[[package]]
name = "aiosignal"
version = "1.3.1"
description = "aiosignal: a list of registered asynchronous callbacks"
category = "main"
optional = false
python-versions = ">=3.7"

[package.dependencies]
frozenlist = ">=1.1.0"

[[package]]
name = "annotated-types"
version = "0.6.0"
description = "Reusable constraint types to use with typing.Annotated"
category = "main"
optional = false
python-versions = ">=3.8"

[[package]]
name = "anyio"
version = "4.3.0"
description = "High level compatibility layer for multiple asynchronous event loop implementations"
category = "main"
optional = false
python-versions = ">=3.8"

[package.dependencies]
exceptiongroup = {version = ">=1.0.2", markers = "python_version < \"3.11\""}
idna = ">=2.8"
sniffio = ">=1.1"
typing-extensions = {version = ">=4.1", markers = "python_version < \"3.11\""}

[package.extras]
doc = ["packaging", "Sphinx (>=7)", "sphinx-rtd-theme", "sphinx-autodoc-typehints (>=1.2.0)"]
test = ["anyio", "coverage[toml] (>=7)", "exceptiongroup (>=1.2.0)", "hypothesis (>=4.0)", "psutil (>=5.9)", "pytest (>=7.0)", "pytest-mock (>=3.6.1)", "trustme", "uvloop (>=0.17)"]
trio = ["trio (>=0.23)"]

[[package]]
name = "async-timeout"
version = "4.0.3"
description = "Timeout context manager for asyncio programs"
category = "main"
optional = false
python-versions = ">=3.7"

[[package]]
name = "attrs"
version = "23.2.0"
description = "Classes Without Boilerplate"
category = "main"
optional = false
python-versions = ">=3.7"

[package.extras]
cov = ["attrs", "coverage[toml] (>=5.3)"]
dev = ["attrs", "pre-commit"]
docs = ["furo", "myst-parser", "sphinx", "sphinx-notfound-page", "sphinxcontrib-towncrier", "towncrier", "zope-interface"]
tests = ["attrs", "zope-interface"]
tests-mypy = ["mypy (>=1.6)", "pytest-mypy-plugins"]
tests-no-zope = ["attrs", "cloudpickle", "hypothesis", "pympler", "pytest-xdist", "pytest (>=4.3.0)"]

[[package]]
name = "certifi"
version = "2024.2.2"
description = "Python package for providing Mozilla's CA Bundle."
category = "main"
optional = false
python-versions = ">=3.6"

[[package]]
name = "exceptiongroup"
version = "1.2.1"
description = "Backport of PEP 654 (exception groups)"
category = "main"
optional = false
python-versions = ">=3.7"

[package.extras]
test = ["pytest (>=6)"]

[[package]]
name = "frozenlist"
version = "1.4.1"
description = "A list-like structure which implements collections.abc.MutableSequence"
category = "main"
optional = false
python-versions = ">=3.8"

[[package]]
name = "h11"
version = "0.14.0"
description = "A pure-Python, bring-your-own-I/O implementation of HTTP/1.1"
category = "main"
optional = false
python-versions = ">=3.7"

[[package]]
name = "httpcore"
version = "1.0.5"
description = "A minimal low-level HTTP client."
category = "main"
optional = false
python-versions = ">=3.8"

[package.dependencies]
certifi = "*"
h11 = ">=0.13,<0.15"

[package.extras]
asyncio = ["anyio (>=4.0,<5.0)"]
http2 = ["h2 (>=3,<5)"]
socks = ["socksio (>=1.0.0,<2.0.0)"]
trio = ["trio (>=0.22.0,<0.26.0)"]

[[package]]
name = "httpx"
version = "0.27.0"
description = "The next generation HTTP client."
category = "main"
optional = false
python-versions = ">=3.8"

[package.dependencies]
anyio = "*"
certifi = "*"
httpcore = ">=1.0.0,<2.0.0"
idna = "*"
sniffio = "*"

[package.extras]
brotli = ["brotli", "brotlicffi"]
cli = ["click (>=8.0.0,<9.0.0)", "pygments (>=2.0.0,<3.0.0)", "rich (>=10,<14)"]
http2 = ["h2 (>=3,<5)"]
socks = ["socksio (>=1.0.0,<2.0.0)"]

[[package]]
name = "idna"
version = "3.7"
description = "Internationalized Domain Names in Applications (IDNA)"
category = "main"
optional = false
python-versions = ">=3.5"

[[package]]
name = "magic-filter"
version = "1.0.12"
description = ""
category = "main"
optional = false
python-versions = ">=3.7"

[package.extras]
dev = ["black (>=22.8.0,<22.9.0)", "flake8 (>=5.0.4,<5.1.0)", "isort (>=5.11.5,<5.12.0)", "mypy (>=1.4.1,<1.5.0)", "pre-commit (>=2.20.0,<2.21.0)", "pytest-cov (>=3.0.0,<3.1.0)", "pytest-html (>=3.1.1,<3.2.0)", "pytest (>=7.1.3,<7.2.0)", "types-setuptools (>=65.3.0,<65.4.0)"]

[[package]]
name = "multidict"
version = "6.0.5"
description = "multidict implementation"
category = "main"
optional = false
python-versions = ">=3.7"

[[package]]
name = "pydantic"
version = "2.7.1"
description = "Data validation using Python type hints"
category = "main"
optional = false
python-versions = ">=3.8"

[package.dependencies]
annotated-types = ">=0.4.0"
pydantic-core = "2.18.2"
typing-extensions = ">=4.6.1"

[package.extras]
email = ["email-validator (>=2.0.0)"]

[[package]]
name = "pydantic-core"
version = "2.18.2"
description = "Core functionality for Pydantic validation and serialization"
category = "main"
optional = false
python-versions = ">=3.8"

[package.dependencies]
typing-extensions = ">=4.6.0,<4.7.0 || >4.7.0"

[[package]]
name = "sniffio"
version = "1.3.1"
description = "Sniff out which async library your code is running under"
category = "main"
optional = false
python-versions = ">=3.7"

[[package]]
name = "typing-extensions"
version = "4.11.0"
description = "Backported and Experimental Type Hints for Python 3.8+"
category = "main"
optional = false
python-versions = ">=3.8"

[[package]]
name = "yarl"
version = "1.9.4"
description = "Yet another URL library"
category = "main"
optional = false
python-versions = ">=3.7"

[package.dependencies]
idna = ">=2.0"
multidict = ">=4.0"

[metadata]
lock-version = "1.1"
python-versions = "^3.10"
content-hash = "c0893e41968b1b6b9cafee88131fcf7a44a77b97979d916e0272b3b37984e4b0"

[metadata.files]
aiofiles = []
aiogram = []
aiohttp = []
aiosignal = []
annotated-types = []
anyio = []
async-timeout = []
attrs = []
certifi = []
exceptiongroup = []
frozenlist = []
h11 = []
httpcore = []
httpx = []
idna = []
magic-filter = []
multidict = []
pydantic = []
pydantic-core = []
sniffio = []
typing-extensions = []
yarl = []
